
Microsoft Visual Studio Solution File, Format Version 12.00
# Visual Studio Version 16
VisualStudioVersion = 16.0.31729.503
MinimumVisualStudioVersion = 10.0.40219.1
Project("{FAE04EC0-301F-11D3-BF4B-00C04F79EFBC}") = "Mastermind", "Mastermind\Mastermind.csproj", "{DC83FD6A-6232-4078-8387-E6B8B6268152}"
EndProject
Global
	GlobalSection(SolutionConfigurationPlatforms) = preSolution
		Debug|Any CPU = Debug|Any CPU
		Release|Any CPU = Release|Any CPU
	EndGlobalSection
	GlobalSection(ProjectConfigurationPlatforms) = postSolution
		{DC83FD6A-6232-4078-8387-E6B8B6268152}.Debug|Any CPU.ActiveCfg = Debug|Any CPU
		{DC83FD6A-6232-4078-8387-E6B8B6268152}.Debug|Any CPU.Build.0 = Debug|Any CPU
		{DC83FD6A-6232-4078-8387-E6B8B6268152}.Release|Any CPU.ActiveCfg = Release|Any CPU
		{DC83FD6A-6232-4078-8387-E6B8B6268152}.Release|Any CPU.Build.0 = Release|Any CPU
	EndGlobalSection
	GlobalSection(SolutionProperties) = preSolution
		HideSolutionNode = FALSE
	EndGlobalSection
	GlobalSection(ExtensibilityGlobals) = postSolution
		SolutionGuid = {4B551A93-87D2-450E-B3F1-9943E00BFB1F}
	EndGlobalSection
EndGlobal
